
Microsoft Visual Studio Solution File, Format Version 12.00
# Visual Studio Version 17
VisualStudioVersion = 17.2.32630.192
MinimumVisualStudioVersion = 10.0.40219.1
Project("{2150E333-8FDC-42A3-9474-1A3956D46DE8}") = "webAPI.Application", "webAPI.Application", "{DFD4390A-76A5-43CB-81F4-2B7312223AF0}"
EndProject
Project("{2150E333-8FDC-42A3-9474-1A3956D46DE8}") = "webAPI.Domain", "webAPI.Domain", "{1C6E3CF6-FB40-4559-B80C-A8373E8D1DFF}"
EndProject
Project("{2150E333-8FDC-42A3-9474-1A3956D46DE8}") = "webAPI.Infra.Data", "webAPI.Infra.Data", "{92B185C6-7CEE-4BAD-8057-E7A98F2C8E96}"
EndProject
Project("{2150E333-8FDC-42A3-9474-1A3956D46DE8}") = "webAPI.Infra.IoC", "webAPI.Infra.IoC", "{DB37CBD0-D60B-4FDF-9299-DF9931A689B5}"
EndProject
Project("{2150E333-8FDC-42A3-9474-1A3956D46DE8}") = "webAPI.UI.Mvc", "webAPI.UI.Mvc", "{E6C81FE1-37B3-4DD9-8598-8C02736C1498}"
EndProject
Project("{FAE04EC0-301F-11D3-BF4B-00C04F79EFBC}") = "webAPI.Mvc", "webAPI.Mvc\webAPI.Mvc.csproj", "{4E94FCBA-38A0-4A5B-BCD4-265D1A92DAE2}"
EndProject
Project("{FAE04EC0-301F-11D3-BF4B-00C04F79EFBC}") = "webAPI.Domain", "webAPI.Domain\webAPI.Domain.csproj", "{64EC4153-92E4-42FB-B23E-A18A6206F775}"
EndProject
Project("{FAE04EC0-301F-11D3-BF4B-00C04F79EFBC}") = "webAPI.Infra.Data", "webAPI.Infra.Data\webAPI.Infra.Data.csproj", "{AA9AE6E5-0F61-4C18-A9B8-68F5B10D36AE}"
EndProject
Project("{FAE04EC0-301F-11D3-BF4B-00C04F79EFBC}") = "webAPI.Application", "webAPI.Application\webAPI.Application.csproj", "{4E05AA32-2EE2-45AD-93B2-F1A87E04568E}"
EndProject
Project("{FAE04EC0-301F-11D3-BF4B-00C04F79EFBC}") = "webAPI.Infra.Ioc", "webAPI.Infra.Ioc\webAPI.Infra.Ioc.csproj", "{AE0A5717-DEFD-4165-8061-9ADC0AAFDF3C}"
EndProject
Global
	GlobalSection(SolutionConfigurationPlatforms) = preSolution
		Debug|Any CPU = Debug|Any CPU
		Release|Any CPU = Release|Any CPU
	EndGlobalSection
	GlobalSection(ProjectConfigurationPlatforms) = postSolution
		{4E94FCBA-38A0-4A5B-BCD4-265D1A92DAE2}.Debug|Any CPU.ActiveCfg = Debug|Any CPU
		{4E94FCBA-38A0-4A5B-BCD4-265D1A92DAE2}.Debug|Any CPU.Build.0 = Debug|Any CPU
		{4E94FCBA-38A0-4A5B-BCD4-265D1A92DAE2}.Release|Any CPU.ActiveCfg = Release|Any CPU
		{4E94FCBA-38A0-4A5B-BCD4-265D1A92DAE2}.Release|Any CPU.Build.0 = Release|Any CPU
		{64EC4153-92E4-42FB-B23E-A18A6206F775}.Debug|Any CPU.ActiveCfg = Debug|Any CPU
		{64EC4153-92E4-42FB-B23E-A18A6206F775}.Debug|Any CPU.Build.0 = Debug|Any CPU
		{64EC4153-92E4-42FB-B23E-A18A6206F775}.Release|Any CPU.ActiveCfg = Release|Any CPU
		{64EC4153-92E4-42FB-B23E-A18A6206F775}.Release|Any CPU.Build.0 = Release|Any CPU
		{AA9AE6E5-0F61-4C18-A9B8-68F5B10D36AE}.Debug|Any CPU.ActiveCfg = Debug|Any CPU
		{AA9AE6E5-0F61-4C18-A9B8-68F5B10D36AE}.Debug|Any CPU.Build.0 = Debug|Any CPU
		{AA9AE6E5-0F61-4C18-A9B8-68F5B10D36AE}.Release|Any CPU.ActiveCfg = Release|Any CPU
		{AA9AE6E5-0F61-4C18-A9B8-68F5B10D36AE}.Release|Any CPU.Build.0 = Release|Any CPU
		{4E05AA32-2EE2-45AD-93B2-F1A87E04568E}.Debug|Any CPU.ActiveCfg = Debug|Any CPU
		{4E05AA32-2EE2-45AD-93B2-F1A87E04568E}.Debug|Any CPU.Build.0 = Debug|Any CPU
		{4E05AA32-2EE2-45AD-93B2-F1A87E04568E}.Release|Any CPU.ActiveCfg = Release|Any CPU
		{4E05AA32-2EE2-45AD-93B2-F1A87E04568E}.Release|Any CPU.Build.0 = Release|Any CPU
		{AE0A5717-DEFD-4165-8061-9ADC0AAFDF3C}.Debug|Any CPU.ActiveCfg = Debug|Any CPU
		{AE0A5717-DEFD-4165-8061-9ADC0AAFDF3C}.Debug|Any CPU.Build.0 = Debug|Any CPU
		{AE0A5717-DEFD-4165-8061-9ADC0AAFDF3C}.Release|Any CPU.ActiveCfg = Release|Any CPU
		{AE0A5717-DEFD-4165-8061-9ADC0AAFDF3C}.Release|Any CPU.Build.0 = Release|Any CPU
	EndGlobalSection
	GlobalSection(SolutionProperties) = preSolution
		HideSolutionNode = FALSE
	EndGlobalSection
	GlobalSection(NestedProjects) = preSolution
		{4E94FCBA-38A0-4A5B-BCD4-265D1A92DAE2} = {E6C81FE1-37B3-4DD9-8598-8C02736C1498}
		{64EC4153-92E4-42FB-B23E-A18A6206F775} = {1C6E3CF6-FB40-4559-B80C-A8373E8D1DFF}
		{AA9AE6E5-0F61-4C18-A9B8-68F5B10D36AE} = {92B185C6-7CEE-4BAD-8057-E7A98F2C8E96}
		{4E05AA32-2EE2-45AD-93B2-F1A87E04568E} = {DFD4390A-76A5-43CB-81F4-2B7312223AF0}
		{AE0A5717-DEFD-4165-8061-9ADC0AAFDF3C} = {DB37CBD0-D60B-4FDF-9299-DF9931A689B5}
	EndGlobalSection
	GlobalSection(ExtensibilityGlobals) = postSolution
		SolutionGuid = {DA479D14-B252-4DC3-9741-D715B1DE99C1}
	EndGlobalSection
EndGlobal
